{
  "name": "ngtestgen",
  "version": "1.0.0",
  "lockfileVersion": 3,
  "requires": true,
  "packages": {
    "": {
      "name": "ngtestgen",
      "version": "1.0.0",
      "license": "MIT",
      "dependencies": {
        "chalk": "^5.2.0",
        "commander": "^10.0.0",
        "conf": "^11.0.1",
        "datastructures-js": "^12.0.0",
        "typescript": "^5.0.3"
      }
    },
    "node_modules/@datastructures-js/binary-search-tree": {
      "version": "5.3.1",
      "resolved": "https://registry.npmjs.org/@datastructures-js/binary-search-tree/-/binary-search-tree-5.3.1.tgz",
      "integrity": "sha512-FgNcahe8U9yaofirAzXUs+gLhR+z6sQgAKnIjdGyBLLemFhrsqyJIHyWxnGWtekELbH9XAUJ8/WezNYNDtPetA=="
    },
    "node_modules/@datastructures-js/deque": {
      "version": "1.0.4",
      "resolved": "https://registry.npmjs.org/@datastructures-js/deque/-/deque-1.0.4.tgz",
      "integrity": "sha512-zlgVSsxqiAd+scLUILvx8E887o+6kYds9/d4DCM/mFOuUITUlPG/r3u5iPZjzW3o6XPPi+p66p3Kf1+wFxYvLQ=="
    },
    "node_modules/@datastructures-js/graph": {
      "version": "5.3.0",
      "resolved": "https://registry.npmjs.org/@datastructures-js/graph/-/graph-5.3.0.tgz",
      "integrity": "sha512-Owbn40ha2W22i6yGSTmOb7ppL6RZKCeFf9tVKqFVXClb5rWQgscHDIyuHXFcNkdlsrq3O0E7zvJ45O60/8m/mg==",
      "dependencies": {
        "@datastructures-js/queue": "^3.1.3"
      }
    },
    "node_modules/@datastructures-js/graph/node_modules/@datastructures-js/queue": {
      "version": "3.1.4",
      "resolved": "https://registry.npmjs.org/@datastructures-js/queue/-/queue-3.1.4.tgz",
      "integrity": "sha512-8QqkdAJQDDd25OBX28lKj7HXD+Cxs6Ee0ogJkZUjD5R1fAvRAWsrCeKop0szqANYjMwdQQd75vyc3Cm8qNJH+Q=="
    },
    "node_modules/@datastructures-js/heap": {
      "version": "4.3.1",
      "resolved": "https://registry.npmjs.org/@datastructures-js/heap/-/heap-4.3.1.tgz",
      "integrity": "sha512-au4fYa4fprREES58FnMOTFjg8lCYpSenF5tBu8C/iweMaj02rAOZUqlLUCqR3HIWzNfgTeCmAiyRHdjJVHrsIQ=="
    },
    "node_modules/@datastructures-js/linked-list": {
      "version": "5.2.5",
      "resolved": "https://registry.npmjs.org/@datastructures-js/linked-list/-/linked-list-5.2.5.tgz",
      "integrity": "sha512-YhlkDh7yMOaJ2bGgmrwvyF3vCrMELo2ERTiRxFMMkQF6+5n6expCBoseHtMIwe8fHJu1bzT7IaEHRU58hBoMUQ=="
    },
    "node_modules/@datastructures-js/priority-queue": {
      "version": "6.2.0",
      "resolved": "https://registry.npmjs.org/@datastructures-js/priority-queue/-/priority-queue-6.2.0.tgz",
      "integrity": "sha512-z4Nikrb3PqlYn1+2bF+LArm2kWC5kvm13E1h+HYm0exGuUEp2Av0S31tDG+h8hVIbg+FlJIzWiF/T38XIexs5w==",
      "dependencies": {
        "@datastructures-js/heap": "^4.3.1"
      }
    },
    "node_modules/@datastructures-js/queue": {
      "version": "4.2.3",
      "resolved": "https://registry.npmjs.org/@datastructures-js/queue/-/queue-4.2.3.tgz",
      "integrity": "sha512-GWVMorC/xi2V2ta+Z/CPgPGHL2ZJozcj48g7y2nIX5GIGZGRrbShSHgvMViJwHJurUzJYOdIdRZnWDRrROFwJA=="
    },
    "node_modules/@datastructures-js/set": {
      "version": "4.2.1",
      "resolved": "https://registry.npmjs.org/@datastructures-js/set/-/set-4.2.1.tgz",
      "integrity": "sha512-qGJhgclFpV7JTPDEJ/ftrFmIf8s6t5Y9nhc5KffuPt0UjCVc1infAltX7R/XFEBF+f7RAqYl/NIZaOekvU88zg=="
    },
    "node_modules/@datastructures-js/stack": {
      "version": "3.1.4",
      "resolved": "https://registry.npmjs.org/@datastructures-js/stack/-/stack-3.1.4.tgz",
      "integrity": "sha512-+2+SOvKcNizQaR31AL1Sox4p5rvAlZfvXO9gi6qWrXMvLqb3S5/3t0ZRAefA0ZabQz0LCXOc8aTeHSWSOMrNCQ=="
    },
    "node_modules/@datastructures-js/trie": {
      "version": "4.2.2",
      "resolved": "https://registry.npmjs.org/@datastructures-js/trie/-/trie-4.2.2.tgz",
      "integrity": "sha512-wZFXic9OLc+BgtnUYr0EIaAZLaPaNt0r1zjf2xJ5JhGwuK0w2vwlOMMj9RHgIeOY+UM0J76CcrmN/wn2LlEYkA=="
    },
    "node_modules/ajv": {
      "version": "8.12.0",
      "resolved": "https://registry.npmjs.org/ajv/-/ajv-8.12.0.tgz",
      "integrity": "sha512-sRu1kpcO9yLtYxBKvqfTeh9KzZEwO3STyX1HT+4CaDzC6HpTGYhIhPIzj9XuKU7KYDwnaeh5hcOwjy1QuJzBPA==",
      "dependencies": {
        "fast-deep-equal": "^3.1.1",
        "json-schema-traverse": "^1.0.0",
        "require-from-string": "^2.0.2",
        "uri-js": "^4.2.2"
      },
      "funding": {
        "type": "github",
        "url": "https://github.com/sponsors/epoberezkin"
      }
    },
    "node_modules/ajv-formats": {
      "version": "2.1.1",
      "resolved": "https://registry.npmjs.org/ajv-formats/-/ajv-formats-2.1.1.tgz",
      "integrity": "sha512-Wx0Kx52hxE7C18hkMEggYlEifqWZtYaRgouJor+WMdPnQyEK13vgEWyVNup7SoeeoLMsr4kf5h6dOW11I15MUA==",
      "dependencies": {
        "ajv": "^8.0.0"
      },
      "peerDependencies": {
        "ajv": "^8.0.0"
      },
      "peerDependenciesMeta": {
        "ajv": {
          "optional": true
        }
      }
    },
    "node_modules/atomically": {
      "version": "2.0.1",
      "resolved": "https://registry.npmjs.org/atomically/-/atomically-2.0.1.tgz",
      "integrity": "sha512-sxBhVZUFBFhqSAsYMM3X2oaUi2NVDJ8U026FsIusM8gYXls9AYs/eXzgGrufs1Qjpkxi9zunds+75QUFz+m7UQ==",
      "dependencies": {
        "stubborn-fs": "^1.2.4",
        "when-exit": "^2.0.0"
      }
    },
    "node_modules/chalk": {
      "version": "5.2.0",
      "resolved": "https://registry.npmjs.org/chalk/-/chalk-5.2.0.tgz",
      "integrity": "sha512-ree3Gqw/nazQAPuJJEy+avdl7QfZMcUvmHIKgEZkGL+xOBzRvup5Hxo6LHuMceSxOabuJLJm5Yp/92R9eMmMvA==",
      "engines": {
        "node": "^12.17.0 || ^14.13 || >=16.0.0"
      },
      "funding": {
        "url": "https://github.com/chalk/chalk?sponsor=1"
      }
    },
    "node_modules/commander": {
      "version": "10.0.0",
      "resolved": "https://registry.npmjs.org/commander/-/commander-10.0.0.tgz",
      "integrity": "sha512-zS5PnTI22FIRM6ylNW8G4Ap0IEOyk62fhLSD0+uHRT9McRCLGpkVNvao4bjimpK/GShynyQkFFxHhwMcETmduA==",
      "engines": {
        "node": ">=14"
      }
    },
    "node_modules/conf": {
      "version": "11.0.1",
      "resolved": "https://registry.npmjs.org/conf/-/conf-11.0.1.tgz",
      "integrity": "sha512-WlLiQboEjKx0bYx2IIRGedBgNjLAxtwPaCSnsjWPST5xR0DB4q8lcsO/bEH9ZRYNcj63Y9vj/JG/5Fg6uWzI0Q==",
      "dependencies": {
        "ajv": "^8.12.0",
        "ajv-formats": "^2.1.1",
        "atomically": "^2.0.0",
        "debounce-fn": "^5.1.2",
        "dot-prop": "^7.2.0",
        "env-paths": "^3.0.0",
        "json-schema-typed": "^8.0.1",
        "semver": "^7.3.8"
      },
      "engines": {
        "node": ">=14.16"
      },
      "funding": {
        "url": "https://github.com/sponsors/sindresorhus"
      }
    },
    "node_modules/datastructures-js": {
      "version": "12.0.0",
      "resolved": "https://registry.npmjs.org/datastructures-js/-/datastructures-js-12.0.0.tgz",
      "integrity": "sha512-IxgPUTpIxoABph09Io2UYpVWoPWogSt0zjdHotWF4Nt8pBTYcWLmk14JOks5TngQHSQb3aiBs4V9Imvv3nYbIg==",
      "dependencies": {
        "@datastructures-js/binary-search-tree": "^5.0.0",
        "@datastructures-js/deque": "^1.0.3",
        "@datastructures-js/graph": "^5.1.4",
        "@datastructures-js/heap": "^4.1.0",
        "@datastructures-js/linked-list": "^5.2.2",
        "@datastructures-js/priority-queue": "^6.1.1",
        "@datastructures-js/queue": "^4.2.1",
        "@datastructures-js/set": "^4.2.0",
        "@datastructures-js/stack": "^3.1.3",
        "@datastructures-js/trie": "^4.2.1"
      }
    },
    "node_modules/debounce-fn": {
      "version": "5.1.2",
      "resolved": "https://registry.npmjs.org/debounce-fn/-/debounce-fn-5.1.2.tgz",
      "integrity": "sha512-Sr4SdOZ4vw6eQDvPYNxHogvrxmCIld/VenC5JbNrFwMiwd7lY/Z18ZFfo+EWNG4DD9nFlAujWAo/wGuOPHmy5A==",
      "dependencies": {
        "mimic-fn": "^4.0.0"
      },
      "engines": {
        "node": ">=12"
      },
      "funding": {
        "url": "https://github.com/sponsors/sindresorhus"
      }
    },
    "node_modules/dot-prop": {
      "version": "7.2.0",
      "resolved": "https://registry.npmjs.org/dot-prop/-/dot-prop-7.2.0.tgz",
      "integrity": "sha512-Ol/IPXUARn9CSbkrdV4VJo7uCy1I3VuSiWCaFSg+8BdUOzF9n3jefIpcgAydvUZbTdEBZs2vEiTiS9m61ssiDA==",
      "dependencies": {
        "type-fest": "^2.11.2"
      },
      "engines": {
        "node": "^12.20.0 || ^14.13.1 || >=16.0.0"
      },
      "funding": {
        "url": "https://github.com/sponsors/sindresorhus"
      }
    },
    "node_modules/env-paths": {
      "version": "3.0.0",
      "resolved": "https://registry.npmjs.org/env-paths/-/env-paths-3.0.0.tgz",
      "integrity": "sha512-dtJUTepzMW3Lm/NPxRf3wP4642UWhjL2sQxc+ym2YMj1m/H2zDNQOlezafzkHwn6sMstjHTwG6iQQsctDW/b1A==",
      "engines": {
        "node": "^12.20.0 || ^14.13.1 || >=16.0.0"
      },
      "funding": {
        "url": "https://github.com/sponsors/sindresorhus"
      }
    },
    "node_modules/fast-deep-equal": {
      "version": "3.1.3",
      "resolved": "https://registry.npmjs.org/fast-deep-equal/-/fast-deep-equal-3.1.3.tgz",
      "integrity": "sha512-f3qQ9oQy9j2AhBe/H9VC91wLmKBCCU/gDOnKNAYG5hswO7BLKj09Hc5HYNz9cGI++xlpDCIgDaitVs03ATR84Q=="
    },
    "node_modules/json-schema-traverse": {
      "version": "1.0.0",
      "resolved": "https://registry.npmjs.org/json-schema-traverse/-/json-schema-traverse-1.0.0.tgz",
      "integrity": "sha512-NM8/P9n3XjXhIZn1lLhkFaACTOURQXjWhV4BA/RnOv8xvgqtqpAX9IO4mRQxSx1Rlo4tqzeqb0sOlruaOy3dug=="
    },
    "node_modules/json-schema-typed": {
      "version": "8.0.1",
      "resolved": "https://registry.npmjs.org/json-schema-typed/-/json-schema-typed-8.0.1.tgz",
      "integrity": "sha512-XQmWYj2Sm4kn4WeTYvmpKEbyPsL7nBsb647c7pMe6l02/yx2+Jfc4dT6UZkEXnIUb5LhD55r2HPsJ1milQ4rDg=="
    },
    "node_modules/lru-cache": {
      "version": "6.0.0",
      "resolved": "https://registry.npmjs.org/lru-cache/-/lru-cache-6.0.0.tgz",
      "integrity": "sha512-Jo6dJ04CmSjuznwJSS3pUeWmd/H0ffTlkXXgwZi+eq1UCmqQwCh+eLsYOYCwY991i2Fah4h1BEMCx4qThGbsiA==",
      "dependencies": {
        "yallist": "^4.0.0"
      },
      "engines": {
        "node": ">=10"
      }
    },
    "node_modules/mimic-fn": {
      "version": "4.0.0",
      "resolved": "https://registry.npmjs.org/mimic-fn/-/mimic-fn-4.0.0.tgz",
      "integrity": "sha512-vqiC06CuhBTUdZH+RYl8sFrL096vA45Ok5ISO6sE/Mr1jRbGH4Csnhi8f3wKVl7x8mO4Au7Ir9D3Oyv1VYMFJw==",
      "engines": {
        "node": ">=12"
      },
      "funding": {
        "url": "https://github.com/sponsors/sindresorhus"
      }
    },
    "node_modules/punycode": {
      "version": "2.3.0",
      "resolved": "https://registry.npmjs.org/punycode/-/punycode-2.3.0.tgz",
      "integrity": "sha512-rRV+zQD8tVFys26lAGR9WUuS4iUAngJScM+ZRSKtvl5tKeZ2t5bvdNFdNHBW9FWR4guGHlgmsZ1G7BSm2wTbuA==",
      "engines": {
        "node": ">=6"
      }
    },
    "node_modules/require-from-string": {
      "version": "2.0.2",
      "resolved": "https://registry.npmjs.org/require-from-string/-/require-from-string-2.0.2.tgz",
      "integrity": "sha512-Xf0nWe6RseziFMu+Ap9biiUbmplq6S9/p+7w7YXP/JBHhrUDDUhwa+vANyubuqfZWTveU//DYVGsDG7RKL/vEw==",
      "engines": {
        "node": ">=0.10.0"
      }
    },
    "node_modules/semver": {
      "version": "7.4.0",
      "resolved": "https://registry.npmjs.org/semver/-/semver-7.4.0.tgz",
      "integrity": "sha512-RgOxM8Mw+7Zus0+zcLEUn8+JfoLpj/huFTItQy2hsM4khuC1HYRDp0cU482Ewn/Fcy6bCjufD8vAj7voC66KQw==",
      "dependencies": {
        "lru-cache": "^6.0.0"
      },
      "bin": {
        "semver": "bin/semver.js"
      },
      "engines": {
        "node": ">=10"
      }
    },
    "node_modules/stubborn-fs": {
      "version": "1.2.4",
      "resolved": "https://registry.npmjs.org/stubborn-fs/-/stubborn-fs-1.2.4.tgz",
      "integrity": "sha512-KRa4nIRJ8q6uApQbPwYZVhOof8979fw4xbajBWa5kPJFa4nyY3aFaMWVyIVCDnkNCCG/3HLipUZ4QaNlYsmX1w=="
    },
    "node_modules/type-fest": {
      "version": "2.19.0",
      "resolved": "https://registry.npmjs.org/type-fest/-/type-fest-2.19.0.tgz",
      "integrity": "sha512-RAH822pAdBgcNMAfWnCBU3CFZcfZ/i1eZjwFU/dsLKumyuuP3niueg2UAukXYF0E2AAoc82ZSSf9J0WQBinzHA==",
      "engines": {
        "node": ">=12.20"
      },
      "funding": {
        "url": "https://github.com/sponsors/sindresorhus"
      }
    },
    "node_modules/typescript": {
      "version": "5.0.3",
      "resolved": "https://registry.npmjs.org/typescript/-/typescript-5.0.3.tgz",
      "integrity": "sha512-xv8mOEDnigb/tN9PSMTwSEqAnUvkoXMQlicOb0IUVDBSQCgBSaAAROUZYy2IcUy5qU6XajK5jjjO7TMWqBTKZA==",
      "bin": {
        "tsc": "bin/tsc",
        "tsserver": "bin/tsserver"
      },
      "engines": {
        "node": ">=12.20"
      }
    },
    "node_modules/uri-js": {
      "version": "4.4.1",
      "resolved": "https://registry.npmjs.org/uri-js/-/uri-js-4.4.1.tgz",
      "integrity": "sha512-7rKUyy33Q1yc98pQ1DAmLtwX109F7TIfWlW1Ydo8Wl1ii1SeHieeh0HHfPeL2fMXK6z0s8ecKs9frCuLJvndBg==",
      "dependencies": {
        "punycode": "^2.1.0"
      }
    },
    "node_modules/when-exit": {
      "version": "2.1.0",
      "resolved": "https://registry.npmjs.org/when-exit/-/when-exit-2.1.0.tgz",
      "integrity": "sha512-H85ulNwUBU1e6PGxkWUDgxnbohSXD++ah6Xw1VHAN7CtypcbZaC4aYjQ+C2PMVaDkURDuOinNAT+Lnz3utWXxQ=="
    },
    "node_modules/yallist": {
      "version": "4.0.0",
      "resolved": "https://registry.npmjs.org/yallist/-/yallist-4.0.0.tgz",
      "integrity": "sha512-3wdGidZyq5PB084XLES5TpOSRA3wjXAlIWMhum2kRcv/41Sn2emQ0dycQW4uZXLejwKvg6EsvbdlVL+FYEct7A=="
    }
  }
}
